
Microsoft Visual Studio Solution File, Format Version 12.00
# Visual Studio Version 16
VisualStudioVersion = 16.0.30523.141
MinimumVisualStudioVersion = 10.0.40219.1
Project("{FAE04EC0-301F-11D3-BF4B-00C04F79EFBC}") = "HomeAssignmentAPI", "HomeAssignmentAPI\HomeAssignmentAPI.csproj", "{A8AF2AA7-FCB4-4AC0-9A9E-3F5D7A0CA494}"
EndProject
Project("{FAE04EC0-301F-11D3-BF4B-00C04F79EFBC}") = "DAL", "DAL\DAL.csproj", "{CA3AC131-5BB3-4A62-9019-3E934E5BBAD6}"
EndProject
Global
	GlobalSection(SolutionConfigurationPlatforms) = preSolution
		Debug|Any CPU = Debug|Any CPU
		Release|Any CPU = Release|Any CPU
	EndGlobalSection
	GlobalSection(ProjectConfigurationPlatforms) = postSolution
		{A8AF2AA7-FCB4-4AC0-9A9E-3F5D7A0CA494}.Debug|Any CPU.ActiveCfg = Debug|Any CPU
		{A8AF2AA7-FCB4-4AC0-9A9E-3F5D7A0CA494}.Debug|Any CPU.Build.0 = Debug|Any CPU
		{A8AF2AA7-FCB4-4AC0-9A9E-3F5D7A0CA494}.Release|Any CPU.ActiveCfg = Release|Any CPU
		{A8AF2AA7-FCB4-4AC0-9A9E-3F5D7A0CA494}.Release|Any CPU.Build.0 = Release|Any CPU
		{CA3AC131-5BB3-4A62-9019-3E934E5BBAD6}.Debug|Any CPU.ActiveCfg = Debug|Any CPU
		{CA3AC131-5BB3-4A62-9019-3E934E5BBAD6}.Debug|Any CPU.Build.0 = Debug|Any CPU
		{CA3AC131-5BB3-4A62-9019-3E934E5BBAD6}.Release|Any CPU.ActiveCfg = Release|Any CPU
		{CA3AC131-5BB3-4A62-9019-3E934E5BBAD6}.Release|Any CPU.Build.0 = Release|Any CPU
	EndGlobalSection
	GlobalSection(SolutionProperties) = preSolution
		HideSolutionNode = FALSE
	EndGlobalSection
	GlobalSection(ExtensibilityGlobals) = postSolution
		SolutionGuid = {2318706F-7A7B-4148-8611-7E2381F76D52}
	EndGlobalSection
EndGlobal
