
Microsoft Visual Studio Solution File, Format Version 12.00
# Visual Studio Version 16
VisualStudioVersion = 16.0.30523.141
MinimumVisualStudioVersion = 10.0.40219.1
Project("{FAE04EC0-301F-11D3-BF4B-00C04F79EFBC}") = "HomeAssignmentAPI", "HomeAssignmentAPI\HomeAssignmentAPI.csproj", "{DC9F4D06-5033-4B97-A9E1-B7512F6E802E}"
EndProject
Global
	GlobalSection(SolutionConfigurationPlatforms) = preSolution
		Debug|Any CPU = Debug|Any CPU
		Release|Any CPU = Release|Any CPU
	EndGlobalSection
	GlobalSection(ProjectConfigurationPlatforms) = postSolution
		{DC9F4D06-5033-4B97-A9E1-B7512F6E802E}.Debug|Any CPU.ActiveCfg = Debug|Any CPU
		{DC9F4D06-5033-4B97-A9E1-B7512F6E802E}.Debug|Any CPU.Build.0 = Debug|Any CPU
		{DC9F4D06-5033-4B97-A9E1-B7512F6E802E}.Release|Any CPU.ActiveCfg = Release|Any CPU
		{DC9F4D06-5033-4B97-A9E1-B7512F6E802E}.Release|Any CPU.Build.0 = Release|Any CPU
	EndGlobalSection
	GlobalSection(SolutionProperties) = preSolution
		HideSolutionNode = FALSE
	EndGlobalSection
	GlobalSection(ExtensibilityGlobals) = postSolution
		SolutionGuid = {36B0008E-E041-437C-895C-D728A51DDB3B}
	EndGlobalSection
EndGlobal
